// !$*UTF8*$!
{
	archiveVersion = 1;
	classes = {
	};
	objectVersion = 55;
	objects = {

/* Begin PBXBuildFile section */
		5B834099274D49E200C0B170 /* AppDelegate.swift in Sources */ = {isa = PBXBuildFile; fileRef = 5B834098274D49E200C0B170 /* AppDelegate.swift */; };
		5B83409B274D49E200C0B170 /* SceneDelegate.swift in Sources */ = {isa = PBXBuildFile; fileRef = 5B83409A274D49E200C0B170 /* SceneDelegate.swift */; };
		5B83409D274D49E200C0B170 /* ViewController.swift in Sources */ = {isa = PBXBuildFile; fileRef = 5B83409C274D49E200C0B170 /* ViewController.swift */; };
		5B8340A0274D49E200C0B170 /* Main.storyboard in Resources */ = {isa = PBXBuildFile; fileRef = 5B83409E274D49E200C0B170 /* Main.storyboard */; };
		5B8340A2274D49E900C0B170 /* Assets.xcassets in Resources */ = {isa = PBXBuildFile; fileRef = 5B8340A1274D49E900C0B170 /* Assets.xcassets */; };
		5B8340A5274D49E900C0B170 /* LaunchScreen.storyboard in Resources */ = {isa = PBXBuildFile; fileRef = 5B8340A3274D49E900C0B170 /* LaunchScreen.storyboard */; };
		5B8340B0274D49E900C0B170 /* Tic_tac_toe_AppTests.swift in Sources */ = {isa = PBXBuildFile; fileRef = 5B8340AF274D49E900C0B170 /* Tic_tac_toe_AppTests.swift */; };
		5B8340BA274D49E900C0B170 /* Tic_tac_toe_AppUITests.swift in Sources */ = {isa = PBXBuildFile; fileRef = 5B8340B9274D49E900C0B170 /* Tic_tac_toe_AppUITests.swift */; };
		5B8340BC274D49E900C0B170 /* Tic_tac_toe_AppUITestsLaunchTests.swift in Sources */ = {isa = PBXBuildFile; fileRef = 5B8340BB274D49E900C0B170 /* Tic_tac_toe_AppUITestsLaunchTests.swift */; };
		5B834111274FCE7E00C0B170 /* GameViewController.swift in Sources */ = {isa = PBXBuildFile; fileRef = 5B834110274FCE7E00C0B170 /* GameViewController.swift */; };
/* End PBXBuildFile section */

/* Begin PBXContainerItemProxy section */
		5B8340AC274D49E900C0B170 /* PBXContainerItemProxy */ = {
			isa = PBXContainerItemProxy;
			containerPortal = 5B83408D274D49E200C0B170 /* Project object */;
			proxyType = 1;
			remoteGlobalIDString = 5B834094274D49E200C0B170;
			remoteInfo = "Tic-tac-toe-App";
		};
		5B8340B6274D49E900C0B170 /* PBXContainerItemProxy */ = {
			isa = PBXContainerItemProxy;
			containerPortal = 5B83408D274D49E200C0B170 /* Project object */;
			proxyType = 1;
			remoteGlobalIDString = 5B834094274D49E200C0B170;
			remoteInfo = "Tic-tac-toe-App";
		};
/* End PBXContainerItemProxy section */

/* Begin PBXFileReference section */
		5B834095274D49E200C0B170 /* Tic-tac-toe-App.app */ = {isa = PBXFileReference; explicitFileType = wrapper.application; includeInIndex = 0; path = "Tic-tac-toe-App.app"; sourceTree = BUILT_PRODUCTS_DIR; };
		5B834098274D49E200C0B170 /* AppDelegate.swift */ = {isa = PBXFileReference; lastKnownFileType = sourcecode.swift; path = AppDelegate.swift; sourceTree = "<group>"; };
		5B83409A274D49E200C0B170 /* SceneDelegate.swift */ = {isa = PBXFileReference; lastKnownFileType = sourcecode.swift; path = SceneDelegate.swift; sourceTree = "<group>"; };
		5B83409C274D49E200C0B170 /* ViewController.swift */ = {isa = PBXFileReference; lastKnownFileType = sourcecode.swift; path = ViewController.swift; sourceTree = "<group>"; };
		5B83409F274D49E200C0B170 /* Base */ = {isa = PBXFileReference; lastKnownFileType = file.storyboard; name = Base; path = Base.lproj/Main.storyboard; sourceTree = "<group>"; };
		5B8340A1274D49E900C0B170 /* Assets.xcassets */ = {isa = PBXFileReference; lastKnownFileType = folder.assetcatalog; path = Assets.xcassets; sourceTree = "<group>"; };
		5B8340A4274D49E900C0B170 /* Base */ = {isa = PBXFileReference; lastKnownFileType = file.storyboard; name = Base; path = Base.lproj/LaunchScreen.storyboard; sourceTree = "<group>"; };
		5B8340A6274D49E900C0B170 /* Info.plist */ = {isa = PBXFileReference; lastKnownFileType = text.plist.xml; path = Info.plist; sourceTree = "<group>"; };
		5B8340AB274D49E900C0B170 /* Tic-tac-toe-AppTests.xctest */ = {isa = PBXFileReference; explicitFileType = wrapper.cfbundle; includeInIndex = 0; path = "Tic-tac-toe-AppTests.xctest"; sourceTree = BUILT_PRODUCTS_DIR; };
		5B8340AF274D49E900C0B170 /* Tic_tac_toe_AppTests.swift */ = {isa = PBXFileReference; lastKnownFileType = sourcecode.swift; path = Tic_tac_toe_AppTests.swift; sourceTree = "<group>"; };
		5B8340B5274D49E900C0B170 /* Tic-tac-toe-AppUITests.xctest */ = {isa = PBXFileReference; explicitFileType = wrapper.cfbundle; includeInIndex = 0; path = "Tic-tac-toe-AppUITests.xctest"; sourceTree = BUILT_PRODUCTS_DIR; };
		5B8340B9274D49E900C0B170 /* Tic_tac_toe_AppUITests.swift */ = {isa = PBXFileReference; lastKnownFileType = sourcecode.swift; path = Tic_tac_toe_AppUITests.swift; sourceTree = "<group>"; };
		5B8340BB274D49E900C0B170 /* Tic_tac_toe_AppUITestsLaunchTests.swift */ = {isa = PBXFileReference; lastKnownFileType = sourcecode.swift; path = Tic_tac_toe_AppUITestsLaunchTests.swift; sourceTree = "<group>"; };
		5B834110274FCE7E00C0B170 /* GameViewController.swift */ = {isa = PBXFileReference; lastKnownFileType = sourcecode.swift; path = GameViewController.swift; sourceTree = "<group>"; };
/* End PBXFileReference section */

/* Begin PBXFrameworksBuildPhase section */
		5B834092274D49E200C0B170 /* Frameworks */ = {
			isa = PBXFrameworksBuildPhase;
			buildActionMask = 2147483647;
			files = (
			);
			runOnlyForDeploymentPostprocessing = 0;
		};
		5B8340A8274D49E900C0B170 /* Frameworks */ = {
			isa = PBXFrameworksBuildPhase;
			buildActionMask = 2147483647;
			files = (
			);
			runOnlyForDeploymentPostprocessing = 0;
		};
		5B8340B2274D49E900C0B170 /* Frameworks */ = {
			isa = PBXFrameworksBuildPhase;
			buildActionMask = 2147483647;
			files = (
			);
			runOnlyForDeploymentPostprocessing = 0;
		};
/* End PBXFrameworksBuildPhase section */

/* Begin PBXGroup section */
		5B83408C274D49E200C0B170 = {
			isa = PBXGroup;
			children = (
				5B834097274D49E200C0B170 /* Tic-tac-toe-App */,
				5B8340AE274D49E900C0B170 /* Tic-tac-toe-AppTests */,
				5B8340B8274D49E900C0B170 /* Tic-tac-toe-AppUITests */,
				5B834096274D49E200C0B170 /* Products */,
			);
			sourceTree = "<group>";
		};
		5B834096274D49E200C0B170 /* Products */ = {
			isa = PBXGroup;
			children = (
				5B834095274D49E200C0B170 /* Tic-tac-toe-App.app */,
				5B8340AB274D49E900C0B170 /* Tic-tac-toe-AppTests.xctest */,
				5B8340B5274D49E900C0B170 /* Tic-tac-toe-AppUITests.xctest */,
			);
			name = Products;
			sourceTree = "<group>";
		};
		5B834097274D49E200C0B170 /* Tic-tac-toe-App */ = {
			isa = PBXGroup;
			children = (
				5B834098274D49E200C0B170 /* AppDelegate.swift */,
				5B83409A274D49E200C0B170 /* SceneDelegate.swift */,
				5B83409C274D49E200C0B170 /* ViewController.swift */,
				5B83409E274D49E200C0B170 /* Main.storyboard */,
				5B8340A1274D49E900C0B170 /* Assets.xcassets */,
				5B8340A3274D49E900C0B170 /* LaunchScreen.storyboard */,
				5B8340A6274D49E900C0B170 /* Info.plist */,
				5B834110274FCE7E00C0B170 /* GameViewController.swift */,
			);
			path = "Tic-tac-toe-App";
			sourceTree = "<group>";
		};
		5B8340AE274D49E900C0B170 /* Tic-tac-toe-AppTests */ = {
			isa = PBXGroup;
			children = (
				5B8340AF274D49E900C0B170 /* Tic_tac_toe_AppTests.swift */,
			);
			path = "Tic-tac-toe-AppTests";
			sourceTree = "<group>";
		};
		5B8340B8274D49E900C0B170 /* Tic-tac-toe-AppUITests */ = {
			isa = PBXGroup;
			children = (
				5B8340B9274D49E900C0B170 /* Tic_tac_toe_AppUITests.swift */,
				5B8340BB274D49E900C0B170 /* Tic_tac_toe_AppUITestsLaunchTests.swift */,
			);
			path = "Tic-tac-toe-AppUITests";
			sourceTree = "<group>";
		};
/* End PBXGroup section */

/* Begin PBXNativeTarget section */
		5B834094274D49E200C0B170 /* Tic-tac-toe-App */ = {
			isa = PBXNativeTarget;
			buildConfigurationList = 5B8340BF274D49E900C0B170 /* Build configuration list for PBXNativeTarget "Tic-tac-toe-App" */;
			buildPhases = (
				5B834091274D49E200C0B170 /* Sources */,
				5B834092274D49E200C0B170 /* Frameworks */,
				5B834093274D49E200C0B170 /* Resources */,
			);
			buildRules = (
			);
			dependencies = (
			);
			name = "Tic-tac-toe-App";
			productName = "Tic-tac-toe-App";
			productReference = 5B834095274D49E200C0B170 /* Tic-tac-toe-App.app */;
			productType = "com.apple.product-type.application";
		};
		5B8340AA274D49E900C0B170 /* Tic-tac-toe-AppTests */ = {
			isa = PBXNativeTarget;
			buildConfigurationList = 5B8340C2274D49E900C0B170 /* Build configuration list for PBXNativeTarget "Tic-tac-toe-AppTests" */;
			buildPhases = (
				5B8340A7274D49E900C0B170 /* Sources */,
				5B8340A8274D49E900C0B170 /* Frameworks */,
				5B8340A9274D49E900C0B170 /* Resources */,
			);
			buildRules = (
			);
			dependencies = (
				5B8340AD274D49E900C0B170 /* PBXTargetDependency */,
			);
			name = "Tic-tac-toe-AppTests";
			productName = "Tic-tac-toe-AppTests";
			productReference = 5B8340AB274D49E900C0B170 /* Tic-tac-toe-AppTests.xctest */;
			productType = "com.apple.product-type.bundle.unit-test";
		};
		5B8340B4274D49E900C0B170 /* Tic-tac-toe-AppUITests */ = {
			isa = PBXNativeTarget;
			buildConfigurationList = 5B8340C5274D49E900C0B170 /* Build configuration list for PBXNativeTarget "Tic-tac-toe-AppUITests" */;
			buildPhases = (
				5B8340B1274D49E900C0B170 /* Sources */,
				5B8340B2274D49E900C0B170 /* Frameworks */,
				5B8340B3274D49E900C0B170 /* Resources */,
			);
			buildRules = (
			);
			dependencies = (
				5B8340B7274D49E900C0B170 /* PBXTargetDependency */,
			);
			name = "Tic-tac-toe-AppUITests";
			productName = "Tic-tac-toe-AppUITests";
			productReference = 5B8340B5274D49E900C0B170 /* Tic-tac-toe-AppUITests.xctest */;
			productType = "com.apple.product-type.bundle.ui-testing";
		};
/* End PBXNativeTarget section */

/* Begin PBXProject section */
		5B83408D274D49E200C0B170 /* Project object */ = {
			isa = PBXProject;
			attributes = {
				BuildIndependentTargetsInParallel = 1;
				LastSwiftUpdateCheck = 1320;
				LastUpgradeCheck = 1320;
				TargetAttributes = {
					5B834094274D49E200C0B170 = {
						CreatedOnToolsVersion = 13.2;
					};
					5B8340AA274D49E900C0B170 = {
						CreatedOnToolsVersion = 13.2;
						TestTargetID = 5B834094274D49E200C0B170;
					};
					5B8340B4274D49E900C0B170 = {
						CreatedOnToolsVersion = 13.2;
						TestTargetID = 5B834094274D49E200C0B170;
					};
				};
			};
			buildConfigurationList = 5B834090274D49E200C0B170 /* Build configuration list for PBXProject "Tic-tac-toe-App" */;
			compatibilityVersion = "Xcode 13.0";
			developmentRegion = en;
			hasScannedForEncodings = 0;
			knownRegions = (
				en,
				Base,
			);
			mainGroup = 5B83408C274D49E200C0B170;
			productRefGroup = 5B834096274D49E200C0B170 /* Products */;
			projectDirPath = "";
			projectRoot = "";
			targets = (
				5B834094274D49E200C0B170 /* Tic-tac-toe-App */,
				5B8340AA274D49E900C0B170 /* Tic-tac-toe-AppTests */,
				5B8340B4274D49E900C0B170 /* Tic-tac-toe-AppUITests */,
			);
		};
/* End PBXProject section */

/* Begin PBXResourcesBuildPhase section */
		5B834093274D49E200C0B170 /* Resources */ = {
			isa = PBXResourcesBuildPhase;
			buildActionMask = 2147483647;
			files = (
				5B8340A5274D49E900C0B170 /* LaunchScreen.storyboard in Resources */,
				5B8340A2274D49E900C0B170 /* Assets.xcassets in Resources */,
				5B8340A0274D49E200C0B170 /* Main.storyboard in Resources */,
			);
			runOnlyForDeploymentPostprocessing = 0;
		};
		5B8340A9274D49E900C0B170 /* Resources */ = {
			isa = PBXResourcesBuildPhase;
			buildActionMask = 2147483647;
			files = (
			);
			runOnlyForDeploymentPostprocessing = 0;
		};
		5B8340B3274D49E900C0B170 /* Resources */ = {
			isa = PBXResourcesBuildPhase;
			buildActionMask = 2147483647;
			files = (
			);
			runOnlyForDeploymentPostprocessing = 0;
		};
/* End PBXResourcesBuildPhase section */

/* Begin PBXSourcesBuildPhase section */
		5B834091274D49E200C0B170 /* Sources */ = {
			isa = PBXSourcesBuildPhase;
			buildActionMask = 2147483647;
			files = (
				5B834111274FCE7E00C0B170 /* GameViewController.swift in Sources */,
				5B83409D274D49E200C0B170 /* ViewController.swift in Sources */,
				5B834099274D49E200C0B170 /* AppDelegate.swift in Sources */,
				5B83409B274D49E200C0B170 /* SceneDelegate.swift in Sources */,
			);
			runOnlyForDeploymentPostprocessing = 0;
		};
		5B8340A7274D49E900C0B170 /* Sources */ = {
			isa = PBXSourcesBuildPhase;
			buildActionMask = 2147483647;
			files = (
				5B8340B0274D49E900C0B170 /* Tic_tac_toe_AppTests.swift in Sources */,
			);
			runOnlyForDeploymentPostprocessing = 0;
		};
		5B8340B1274D49E900C0B170 /* Sources */ = {
			isa = PBXSourcesBuildPhase;
			buildActionMask = 2147483647;
			files = (
				5B8340BA274D49E900C0B170 /* Tic_tac_toe_AppUITests.swift in Sources */,
				5B8340BC274D49E900C0B170 /* Tic_tac_toe_AppUITestsLaunchTests.swift in Sources */,
			);
			runOnlyForDeploymentPostprocessing = 0;
		};
/* End PBXSourcesBuildPhase section */

/* Begin PBXTargetDependency section */
		5B8340AD274D49E900C0B170 /* PBXTargetDependency */ = {
			isa = PBXTargetDependency;
			target = 5B834094274D49E200C0B170 /* Tic-tac-toe-App */;
			targetProxy = 5B8340AC274D49E900C0B170 /* PBXContainerItemProxy */;
		};
		5B8340B7274D49E900C0B170 /* PBXTargetDependency */ = {
			isa = PBXTargetDependency;
			target = 5B834094274D49E200C0B170 /* Tic-tac-toe-App */;
			targetProxy = 5B8340B6274D49E900C0B170 /* PBXContainerItemProxy */;
		};
/* End PBXTargetDependency section */

/* Begin PBXVariantGroup section */
		5B83409E274D49E200C0B170 /* Main.storyboard */ = {
			isa = PBXVariantGroup;
			children = (
				5B83409F274D49E200C0B170 /* Base */,
			);
			name = Main.storyboard;
			sourceTree = "<group>";
		};
		5B8340A3274D49E900C0B170 /* LaunchScreen.storyboard */ = {
			isa = PBXVariantGroup;
			children = (
				5B8340A4274D49E900C0B170 /* Base */,
			);
			name = LaunchScreen.storyboard;
			sourceTree = "<group>";
		};
/* End PBXVariantGroup section */

/* Begin XCBuildConfiguration section */
		5B8340BD274D49E900C0B170 /* Debug */ = {
			isa = XCBuildConfiguration;
			buildSettings = {
				ALWAYS_SEARCH_USER_PATHS = NO;
				CLANG_ANALYZER_NONNULL = YES;
				CLANG_ANALYZER_NUMBER_OBJECT_CONVERSION = YES_AGGRESSIVE;
				CLANG_CXX_LANGUAGE_STANDARD = "gnu++17";
				CLANG_CXX_LIBRARY = "libc++";
				CLANG_ENABLE_MODULES = YES;
				CLANG_ENABLE_OBJC_ARC = YES;
				CLANG_ENABLE_OBJC_WEAK = YES;
				CLANG_WARN_BLOCK_CAPTURE_AUTORELEASING = YES;
				CLANG_WARN_BOOL_CONVERSION = YES;
				CLANG_WARN_COMMA = YES;
				CLANG_WARN_CONSTANT_CONVERSION = YES;
				CLANG_WARN_DEPRECATED_OBJC_IMPLEMENTATIONS = YES;
				CLANG_WARN_DIRECT_OBJC_ISA_USAGE = YES_ERROR;
				CLANG_WARN_DOCUMENTATION_COMMENTS = YES;
				CLANG_WARN_EMPTY_BODY = YES;
				CLANG_WARN_ENUM_CONVERSION = YES;
				CLANG_WARN_INFINITE_RECURSION = YES;
				CLANG_WARN_INT_CONVERSION = YES;
				CLANG_WARN_NON_LITERAL_NULL_CONVERSION = YES;
				CLANG_WARN_OBJC_IMPLICIT_RETAIN_SELF = YES;
				CLANG_WARN_OBJC_LITERAL_CONVERSION = YES;
				CLANG_WARN_OBJC_ROOT_CLASS = YES_ERROR;
				CLANG_WARN_QUOTED_INCLUDE_IN_FRAMEWORK_HEADER = YES;
				CLANG_WARN_RANGE_LOOP_ANALYSIS = YES;
				CLANG_WARN_STRICT_PROTOTYPES = YES;
				CLANG_WARN_SUSPICIOUS_MOVE = YES;
				CLANG_WARN_UNGUARDED_AVAILABILITY = YES_AGGRESSIVE;
				CLANG_WARN_UNREACHABLE_CODE = YES;
				CLANG_WARN__DUPLICATE_METHOD_MATCH = YES;
				COPY_PHASE_STRIP = NO;
				DEBUG_INFORMATION_FORMAT = dwarf;
				ENABLE_STRICT_OBJC_MSGSEND = YES;
				ENABLE_TESTABILITY = YES;
				GCC_C_LANGUAGE_STANDARD = gnu11;
				GCC_DYNAMIC_NO_PIC = NO;
				GCC_NO_COMMON_BLOCKS = YES;
				GCC_OPTIMIZATION_LEVEL = 0;
				GCC_PREPROCESSOR_DEFINITIONS = (
					"DEBUG=1",
					"$(inherited)",
				);
				GCC_WARN_64_TO_32_BIT_CONVERSION = YES;
				GCC_WARN_ABOUT_RETURN_TYPE = YES_ERROR;
				GCC_WARN_UNDECLARED_SELECTOR = YES;
				GCC_WARN_UNINITIALIZED_AUTOS = YES_AGGRESSIVE;
				GCC_WARN_UNUSED_FUNCTION = YES;
				GCC_WARN_UNUSED_VARIABLE = YES;
				IPHONEOS_DEPLOYMENT_TARGET = 15.2;
				MTL_ENABLE_DEBUG_INFO = INCLUDE_SOURCE;
				MTL_FAST_MATH = YES;
				ONLY_ACTIVE_ARCH = YES;
				SDKROOT = iphoneos;
				SWIFT_ACTIVE_COMPILATION_CONDITIONS = DEBUG;
				SWIFT_OPTIMIZATION_LEVEL = "-Onone";
			};
			name = Debug;
		};
		5B8340BE274D49E900C0B170 /* Release */ = {
			isa = XCBuildConfiguration;
			buildSettings = {
				ALWAYS_SEARCH_USER_PATHS = NO;
				CLANG_ANALYZER_NONNULL = YES;
				CLANG_ANALYZER_NUMBER_OBJECT_CONVERSION = YES_AGGRESSIVE;
				CLANG_CXX_LANGUAGE_STANDARD = "gnu++17";
				CLANG_CXX_LIBRARY = "libc++";
				CLANG_ENABLE_MODULES = YES;
				CLANG_ENABLE_OBJC_ARC = YES;
				CLANG_ENABLE_OBJC_WEAK = YES;
				CLANG_WARN_BLOCK_CAPTURE_AUTORELEASING = YES;
				CLANG_WARN_BOOL_CONVERSION = YES;
				CLANG_WARN_COMMA = YES;
				CLANG_WARN_CONSTANT_CONVERSION = YES;
				CLANG_WARN_DEPRECATED_OBJC_IMPLEMENTATIONS = YES;
				CLANG_WARN_DIRECT_OBJC_ISA_USAGE = YES_ERROR;
				CLANG_WARN_DOCUMENTATION_COMMENTS = YES;
				CLANG_WARN_EMPTY_BODY = YES;
				CLANG_WARN_ENUM_CONVERSION = YES;
				CLANG_WARN_INFINITE_RECURSION = YES;
				CLANG_WARN_INT_CONVERSION = YES;
				CLANG_WARN_NON_LITERAL_NULL_CONVERSION = YES;
				CLANG_WARN_OBJC_IMPLICIT_RETAIN_SELF = YES;
				CLANG_WARN_OBJC_LITERAL_CONVERSION = YES;
				CLANG_WARN_OBJC_ROOT_CLASS = YES_ERROR;
				CLANG_WARN_QUOTED_INCLUDE_IN_FRAMEWORK_HEADER = YES;
				CLANG_WARN_RANGE_LOOP_ANALYSIS = YES;
				CLANG_WARN_STRICT_PROTOTYPES = YES;
				CLANG_WARN_SUSPICIOUS_MOVE = YES;
				CLANG_WARN_UNGUARDED_AVAILABILITY = YES_AGGRESSIVE;
				CLANG_WARN_UNREACHABLE_CODE = YES;
				CLANG_WARN__DUPLICATE_METHOD_MATCH = YES;
				COPY_PHASE_STRIP = NO;
				DEBUG_INFORMATION_FORMAT = "dwarf-with-dsym";
				ENABLE_NS_ASSERTIONS = NO;
				ENABLE_STRICT_OBJC_MSGSEND = YES;
				GCC_C_LANGUAGE_STANDARD = gnu11;
				GCC_NO_COMMON_BLOCKS = YES;
				GCC_WARN_64_TO_32_BIT_CONVERSION = YES;
				GCC_WARN_ABOUT_RETURN_TYPE = YES_ERROR;
				GCC_WARN_UNDECLARED_SELECTOR = YES;
				GCC_WARN_UNINITIALIZED_AUTOS = YES_AGGRESSIVE;
				GCC_WARN_UNUSED_FUNCTION = YES;
				GCC_WARN_UNUSED_VARIABLE = YES;
				IPHONEOS_DEPLOYMENT_TARGET = 15.2;
				MTL_ENABLE_DEBUG_INFO = NO;
				MTL_FAST_MATH = YES;
				SDKROOT = iphoneos;
				SWIFT_COMPILATION_MODE = wholemodule;
				SWIFT_OPTIMIZATION_LEVEL = "-O";
				VALIDATE_PRODUCT = YES;
			};
			name = Release;
		};
		5B8340C0274D49E900C0B170 /* Debug */ = {
			isa = XCBuildConfiguration;
			buildSettings = {
				ASSETCATALOG_COMPILER_APPICON_NAME = AppIcon;
				ASSETCATALOG_COMPILER_GLOBAL_ACCENT_COLOR_NAME = AccentColor;
				CODE_SIGN_STYLE = Automatic;
				CURRENT_PROJECT_VERSION = 1;
				DEVELOPMENT_TEAM = RK5UCLD9J6;
				GENERATE_INFOPLIST_FILE = YES;
				INFOPLIST_FILE = "Tic-tac-toe-App/Info.plist";
				INFOPLIST_KEY_UIApplicationSupportsIndirectInputEvents = YES;
				INFOPLIST_KEY_UILaunchStoryboardName = LaunchScreen;
				INFOPLIST_KEY_UIMainStoryboardFile = Main;
				INFOPLIST_KEY_UISupportedInterfaceOrientations_iPad = "UIInterfaceOrientationPortrait UIInterfaceOrientationPortraitUpsideDown UIInterfaceOrientationLandscapeLeft UIInterfaceOrientationLandscapeRight";
				INFOPLIST_KEY_UISupportedInterfaceOrientations_iPhone = "UIInterfaceOrientationPortrait UIInterfaceOrientationLandscapeLeft UIInterfaceOrientationLandscapeRight";
				LD_RUNPATH_SEARCH_PATHS = (
					"$(inherited)",
					"@executable_path/Frameworks",
				);
				MARKETING_VERSION = 1.0;
				PRODUCT_BUNDLE_IDENTIFIER = "com.exemple.Tic-tac-toe-App";
				PRODUCT_NAME = "$(TARGET_NAME)";
				SWIFT_EMIT_LOC_STRINGS = YES;
				SWIFT_VERSION = 5.0;
				TARGETED_DEVICE_FAMILY = "1,2";
			};
			name = Debug;
		};
		5B8340C1274D49E900C0B170 /* Release */ = {
			isa = XCBuildConfiguration;
			buildSettings = {
				ASSETCATALOG_COMPILER_APPICON_NAME = AppIcon;
				ASSETCATALOG_COMPILER_GLOBAL_ACCENT_COLOR_NAME = AccentColor;
				CODE_SIGN_STYLE = Automatic;
				CURRENT_PROJECT_VERSION = 1;
				DEVELOPMENT_TEAM = RK5UCLD9J6;
				GENERATE_INFOPLIST_FILE = YES;
				INFOPLIST_FILE = "Tic-tac-toe-App/Info.plist";
				INFOPLIST_KEY_UIApplicationSupportsIndirectInputEvents = YES;
				INFOPLIST_KEY_UILaunchStoryboardName = LaunchScreen;
				INFOPLIST_KEY_UIMainStoryboardFile = Main;
				INFOPLIST_KEY_UISupportedInterfaceOrientations_iPad = "UIInterfaceOrientationPortrait UIInterfaceOrientationPortraitUpsideDown UIInterfaceOrientationLandscapeLeft UIInterfaceOrientationLandscapeRight";
				INFOPLIST_KEY_UISupportedInterfaceOrientations_iPhone = "UIInterfaceOrientationPortrait UIInterfaceOrientationLandscapeLeft UIInterfaceOrientationLandscapeRight";
				LD_RUNPATH_SEARCH_PATHS = (
					"$(inherited)",
					"@executable_path/Frameworks",
				);
				MARKETING_VERSION = 1.0;
				PRODUCT_BUNDLE_IDENTIFIER = "com.exemple.Tic-tac-toe-App";
				PRODUCT_NAME = "$(TARGET_NAME)";
				SWIFT_EMIT_LOC_STRINGS = YES;
				SWIFT_VERSION = 5.0;
				TARGETED_DEVICE_FAMILY = "1,2";
			};
			name = Release;
		};
		5B8340C3274D49E900C0B170 /* Debug */ = {
			isa = XCBuildConfiguration;
			buildSettings = {
				ALWAYS_EMBED_SWIFT_STANDARD_LIBRARIES = YES;
				BUNDLE_LOADER = "$(TEST_HOST)";
				CODE_SIGN_STYLE = Automatic;
				CURRENT_PROJECT_VERSION = 1;
				DEVELOPMENT_TEAM = RK5UCLD9J6;
				GENERATE_INFOPLIST_FILE = YES;
				IPHONEOS_DEPLOYMENT_TARGET = 15.2;
				MARKETING_VERSION = 1.0;
				PRODUCT_BUNDLE_IDENTIFIER = "com.exemple.Tic-tac-toe-AppTests";
				PRODUCT_NAME = "$(TARGET_NAME)";
				SWIFT_EMIT_LOC_STRINGS = NO;
				SWIFT_VERSION = 5.0;
				TARGETED_DEVICE_FAMILY = "1,2";
				TEST_HOST = "$(BUILT_PRODUCTS_DIR)/Tic-tac-toe-App.app/Tic-tac-toe-App";
			};
			name = Debug;
		};
		5B8340C4274D49E900C0B170 /* Release */ = {
			isa = XCBuildConfiguration;
			buildSettings = {
				ALWAYS_EMBED_SWIFT_STANDARD_LIBRARIES = YES;
				BUNDLE_LOADER = "$(TEST_HOST)";
				CODE_SIGN_STYLE = Automatic;
				CURRENT_PROJECT_VERSION = 1;
				DEVELOPMENT_TEAM = RK5UCLD9J6;
				GENERATE_INFOPLIST_FILE = YES;
				IPHONEOS_DEPLOYMENT_TARGET = 15.2;
				MARKETING_VERSION = 1.0;
				PRODUCT_BUNDLE_IDENTIFIER = "com.exemple.Tic-tac-toe-AppTests";
				PRODUCT_NAME = "$(TARGET_NAME)";
				SWIFT_EMIT_LOC_STRINGS = NO;
				SWIFT_VERSION = 5.0;
				TARGETED_DEVICE_FAMILY = "1,2";
				TEST_HOST = "$(BUILT_PRODUCTS_DIR)/Tic-tac-toe-App.app/Tic-tac-toe-App";
			};
			name = Release;
		};
		5B8340C6274D49E900C0B170 /* Debug */ = {
			isa = XCBuildConfiguration;
			buildSettings = {
				ALWAYS_EMBED_SWIFT_STANDARD_LIBRARIES = YES;
				CODE_SIGN_STYLE = Automatic;
				CURRENT_PROJECT_VERSION = 1;
				DEVELOPMENT_TEAM = RK5UCLD9J6;
				GENERATE_INFOPLIST_FILE = YES;
				MARKETING_VERSION = 1.0;
				PRODUCT_BUNDLE_IDENTIFIER = "com.exemple.Tic-tac-toe-AppUITests";
				PRODUCT_NAME = "$(TARGET_NAME)";
				SWIFT_EMIT_LOC_STRINGS = NO;
				SWIFT_VERSION = 5.0;
				TARGETED_DEVICE_FAMILY = "1,2";
				TEST_TARGET_NAME = "Tic-tac-toe-App";
			};
			name = Debug;
		};
		5B8340C7274D49E900C0B170 /* Release */ = {
			isa = XCBuildConfiguration;
			buildSettings = {
				ALWAYS_EMBED_SWIFT_STANDARD_LIBRARIES = YES;
				CODE_SIGN_STYLE = Automatic;
				CURRENT_PROJECT_VERSION = 1;
				DEVELOPMENT_TEAM = RK5UCLD9J6;
				GENERATE_INFOPLIST_FILE = YES;
				MARKETING_VERSION = 1.0;
				PRODUCT_BUNDLE_IDENTIFIER = "com.exemple.Tic-tac-toe-AppUITests";
				PRODUCT_NAME = "$(TARGET_NAME)";
				SWIFT_EMIT_LOC_STRINGS = NO;
				SWIFT_VERSION = 5.0;
				TARGETED_DEVICE_FAMILY = "1,2";
				TEST_TARGET_NAME = "Tic-tac-toe-App";
			};
			name = Release;
		};
/* End XCBuildConfiguration section */

/* Begin XCConfigurationList section */
		5B834090274D49E200C0B170 /* Build configuration list for PBXProject "Tic-tac-toe-App" */ = {
			isa = XCConfigurationList;
			buildConfigurations = (
				5B8340BD274D49E900C0B170 /* Debug */,
				5B8340BE274D49E900C0B170 /* Release */,
			);
			defaultConfigurationIsVisible = 0;
			defaultConfigurationName = Release;
		};
		5B8340BF274D49E900C0B170 /* Build configuration list for PBXNativeTarget "Tic-tac-toe-App" */ = {
			isa = XCConfigurationList;
			buildConfigurations = (
				5B8340C0274D49E900C0B170 /* Debug */,
				5B8340C1274D49E900C0B170 /* Release */,
			);
			defaultConfigurationIsVisible = 0;
			defaultConfigurationName = Release;
		};
		5B8340C2274D49E900C0B170 /* Build configuration list for PBXNativeTarget "Tic-tac-toe-AppTests" */ = {
			isa = XCConfigurationList;
			buildConfigurations = (
				5B8340C3274D49E900C0B170 /* Debug */,
				5B8340C4274D49E900C0B170 /* Release */,
			);
			defaultConfigurationIsVisible = 0;
			defaultConfigurationName = Release;
		};
		5B8340C5274D49E900C0B170 /* Build configuration list for PBXNativeTarget "Tic-tac-toe-AppUITests" */ = {
			isa = XCConfigurationList;
			buildConfigurations = (
				5B8340C6274D49E900C0B170 /* Debug */,
				5B8340C7274D49E900C0B170 /* Release */,
			);
			defaultConfigurationIsVisible = 0;
			defaultConfigurationName = Release;
		};
/* End XCConfigurationList section */
	};
	rootObject = 5B83408D274D49E200C0B170 /* Project object */;
}
